{
  "name": "@inlang/paraglide-js-adapter-svelte-example",
  "version": "0.0.0",
  "lockfileVersion": 3,
  "requires": true,
  "packages": {
    "": {
      "name": "@inlang/paraglide-js-adapter-svelte-example",
      "version": "0.0.0",
      "dependencies": {
        "@inlang/paraglide-js": "1.0.0-prerelease.7"
      },
      "devDependencies": {
        "@inlang/paraglide-js": "1.0.0-prerelease.7",
        "@sveltejs/vite-plugin-svelte": "2.4.2",
        "svelte": "4.0.5",
        "vite": "4.4.5"
      }
    },
    "node_modules/@inlang/detect-json-formatting": {
      "version": "1.0.0",
      "resolved": "https://registry.npmjs.org/@inlang/detect-json-formatting/-/detect-json-formatting-1.0.0.tgz",
      "integrity": "sha512-o0jeI8U4TgNlsPwI0y92jld8/18Loh2KEgHCYCJ42rCOdxFrA8R60cydlEd2/6jkdHFn5DxKj8rOyiKv3z9uOw==",
      "dev": true,
      "dependencies": {
        "guess-json-indent": "2.0.0"
      }
    },
    "node_modules/@inlang/json-types": {
      "version": "1.1.0",
      "resolved": "https://registry.npmjs.org/@inlang/json-types/-/json-types-1.1.0.tgz",
      "integrity": "sha512-n6vS6AqETsCFbV4TdBvR/EH57waVXzKsMqeUQ+eH2Q6NUATfKhfLabgNms2A+QV3aedH/hLtb1pRmjl2ykBVZg==",
      "dev": true,
      "peerDependencies": {
        "@sinclair/typebox": "^0.31.0"
      }
    },
    "node_modules/@inlang/language-tag": {
      "version": "1.2.0",
      "resolved": "https://registry.npmjs.org/@inlang/language-tag/-/language-tag-1.2.0.tgz",
      "integrity": "sha512-AwKNPYPgJrhM9ebEYQvcG5PGM4v79jMPlsv2bUYEhEZzMpwIJKQo4t7P7EekMhO086sXOmeTu410Lm8abX/2Yw==",
      "dev": true,
      "peerDependencies": {
        "@sinclair/typebox": "^0.31.0"
      }
    },
    "node_modules/@inlang/message": {
      "version": "2.0.0",
      "resolved": "https://registry.npmjs.org/@inlang/message/-/message-2.0.0.tgz",
      "integrity": "sha512-RPFcbega2Cnxi78d08O7SbuXyuhEqsB819QjgloNTXWtlBFwVDkF87xAMIZN37hpM6JZzMaYv2O1ipyncU3Ccg==",
      "dev": true,
      "dependencies": {
        "@inlang/language-tag": "*"
      },
      "peerDependencies": {
        "@sinclair/typebox": "^0.31.0"
      }
    },
    "node_modules/@inlang/message-lint-rule": {
      "version": "1.4.0",
      "resolved": "https://registry.npmjs.org/@inlang/message-lint-rule/-/message-lint-rule-1.4.0.tgz",
      "integrity": "sha512-imOvpxKFP2ESaWTI5W5aQiW1ukvXMvGa4KhVknssfA1ZkCkVu2EDM4aGxw11U5Rli4QQ70bxztUvfLVhd3J84A==",
      "dev": true,
      "dependencies": {
        "@inlang/json-types": "*",
        "@inlang/language-tag": "*",
        "@inlang/message": "*",
        "@inlang/project-settings": "*",
        "@inlang/translatable": "*"
      },
      "peerDependencies": {
        "@sinclair/typebox": "^0.31.17"
      }
    },
    "node_modules/@inlang/module": {
      "version": "1.2.0",
      "resolved": "https://registry.npmjs.org/@inlang/module/-/module-1.2.0.tgz",
      "integrity": "sha512-Z91zJUgliX+ddfRK+Ce4aZYlMjeNwZJOMmJ2dEUgg2cfqIFRB+gDsC5gLEY5LTkZspf/XUHoECTpK8ErVVYF5w==",
      "dev": true,
      "dependencies": {
        "@inlang/message-lint-rule": "*",
        "@inlang/plugin": "*"
      },
      "peerDependencies": {
        "@sinclair/typebox": "^0.31.17"
      }
    },
    "node_modules/@inlang/paraglide-js": {
      "version": "1.0.0-prerelease.7",
      "resolved": "https://registry.npmjs.org/@inlang/paraglide-js/-/paraglide-js-1.0.0-prerelease.7.tgz",
      "integrity": "sha512-UkTvPtUIsyys36AEX3mMfvIv/DaCeB1ObiVb95b7t1dELYI/T/v3H1Y2NBTv3Fkfh9LUhh7PzPw00QAB6IjtDg==",
      "dev": true,
      "dependencies": {
        "@inlang/detect-json-formatting": "1.0.0",
        "@inlang/sdk": "*",
        "commander": "11.1.0",
        "consola": "3.2.3",
        "dedent": "1.5.1",
        "json5": "2.2.3"
      },
      "bin": {
        "paraglide-js": "bin/run.js"
      }
    },
    "node_modules/@inlang/plugin": {
      "version": "2.4.0",
      "resolved": "https://registry.npmjs.org/@inlang/plugin/-/plugin-2.4.0.tgz",
      "integrity": "sha512-4+T7ZfuqcW4GFp3G+Vb+RTlYF8kKPY/BH0BcvOV2HX5B9UzgyC+dpXiI3TRQTUj7vz0yqp4K+onsaehPb2NGvw==",
      "dev": true,
      "dependencies": {
        "@inlang/json-types": "*",
        "@inlang/language-tag": "*",
        "@inlang/message": "*",
        "@inlang/project-settings": "*",
        "@inlang/translatable": "*",
        "@lix-js/fs": "*"
      },
      "peerDependencies": {
        "@sinclair/typebox": "^0.31.17"
      }
    },
    "node_modules/@inlang/project-settings": {
      "version": "2.2.0",
      "resolved": "https://registry.npmjs.org/@inlang/project-settings/-/project-settings-2.2.0.tgz",
      "integrity": "sha512-M1D150KYiYoyiHhQp627zhvo/w/M1B11ROEu2u7Jn9005mKEWZS1DDlEOsLuNRl5doHSPHfkGa9qItMtrqr0dA==",
      "dev": true,
      "dependencies": {
        "@inlang/json-types": "*",
        "@inlang/language-tag": "*"
      },
      "peerDependencies": {
        "@sinclair/typebox": "^0.31.0"
      }
    },
    "node_modules/@inlang/result": {
      "version": "1.1.0",
      "resolved": "https://registry.npmjs.org/@inlang/result/-/result-1.1.0.tgz",
      "integrity": "sha512-zLGroi9EUiHuOjUOaglUVTFO7EWdo2OARMJLBO1Q5Ga/xJmSQb6XS1lhqEXBFAjgFarfEMX5YEJWWALogYV3wA==",
      "dev": true
    },
    "node_modules/@inlang/sdk": {
      "version": "0.17.0",
      "resolved": "https://registry.npmjs.org/@inlang/sdk/-/sdk-0.17.0.tgz",
      "integrity": "sha512-Dk3w4XSBL3Gciem31OBL2w2EvZH4DRHwAB4Rsosh1RkX+Yt/qw3sSGCB42quTqu2E3IhTIL700RvYrYRR4MHeA==",
      "dev": true,
      "dependencies": {
        "@inlang/json-types": "*",
        "@inlang/language-tag": "*",
        "@inlang/message": "*",
        "@inlang/message-lint-rule": "*",
        "@inlang/module": "*",
        "@inlang/plugin": "*",
        "@inlang/project-settings": "*",
        "@inlang/result": "*",
        "@inlang/translatable": "*",
        "@lix-js/fs": "*",
        "@sinclair/typebox": "^0.31.17",
        "dedent": "1.5.1",
        "deepmerge-ts": "^5.1.0",
        "solid-js": "1.6.12",
        "throttle-debounce": "5.0.0"
      },
      "engines": {
        "node": ">=18.0.0"
      }
    },
    "node_modules/@inlang/translatable": {
      "version": "1.2.0",
      "resolved": "https://registry.npmjs.org/@inlang/translatable/-/translatable-1.2.0.tgz",
      "integrity": "sha512-Od/nBm3qigfSpYJKu/Isg0rb34ohZApNk+fOtmZ0vBZXsTBzKaYFW0SeBVqwociRCr1tj40N659Ky+RoyLcv8A==",
      "dev": true,
      "dependencies": {
        "@inlang/language-tag": "*"
      },
      "peerDependencies": {
        "@sinclair/typebox": "^0.31.0"
      }
    },
    "node_modules/@lix-js/fs": {
      "version": "0.3.0",
      "resolved": "https://registry.npmjs.org/@lix-js/fs/-/fs-0.3.0.tgz",
      "integrity": "sha512-OKXfToFZXSZ6eiGue/6RZC29UdOTAabObF1trAHX2QXg1WCp8iLfi8IbWCSclqWK108tn0hRShgjof0aHvtjqw==",
      "dev": true,
      "dependencies": {
        "js-base64": "^3.7.5"
      }
    },
    "node_modules/@sinclair/typebox": {
      "version": "0.31.23",
      "resolved": "https://registry.npmjs.org/@sinclair/typebox/-/typebox-0.31.23.tgz",
      "integrity": "sha512-ZzrzE8yCrWWU4mcBstBgdlBMjB8My3ESY9nZ/v996GptIJb4+MU1p7s1Qxrc2xvZeOiDDnAheLLmdHjPgZV79g==",
      "dev": true
    },
    "node_modules/@sveltejs/vite-plugin-svelte": {
      "version": "2.4.2",
      "dev": true,
      "license": "MIT",
      "dependencies": {
        "@sveltejs/vite-plugin-svelte-inspector": "^1.0.3",
        "debug": "^4.3.4",
        "deepmerge": "^4.3.1",
        "kleur": "^4.1.5",
        "magic-string": "^0.30.0",
        "svelte-hmr": "^0.15.2",
        "vitefu": "^0.2.4"
      },
      "engines": {
        "node": "^14.18.0 || >= 16"
      },
      "peerDependencies": {
        "svelte": "^3.54.0 || ^4.0.0",
        "vite": "^4.0.0"
      }
    },
    "node_modules/@sveltejs/vite-plugin-svelte/node_modules/@sveltejs/vite-plugin-svelte-inspector": {
      "version": "1.0.4",
      "dev": true,
      "license": "MIT",
      "dependencies": {
        "debug": "^4.3.4"
      },
      "engines": {
        "node": "^14.18.0 || >= 16"
      },
      "peerDependencies": {
        "@sveltejs/vite-plugin-svelte": "^2.2.0",
        "svelte": "^3.54.0 || ^4.0.0",
        "vite": "^4.0.0"
      }
    },
    "node_modules/@sveltejs/vite-plugin-svelte/node_modules/debug": {
      "version": "4.3.4",
      "dev": true,
      "license": "MIT",
      "dependencies": {
        "ms": "2.1.2"
      },
      "engines": {
        "node": ">=6.0"
      },
      "peerDependenciesMeta": {
        "supports-color": {
          "optional": true
        }
      }
    },
    "node_modules/@sveltejs/vite-plugin-svelte/node_modules/debug/node_modules/ms": {
      "version": "2.1.2",
      "dev": true,
      "license": "MIT"
    },
    "node_modules/@sveltejs/vite-plugin-svelte/node_modules/deepmerge": {
      "version": "4.3.1",
      "dev": true,
      "license": "MIT",
      "engines": {
        "node": ">=0.10.0"
      }
    },
    "node_modules/@sveltejs/vite-plugin-svelte/node_modules/kleur": {
      "version": "4.1.5",
      "dev": true,
      "license": "MIT",
      "engines": {
        "node": ">=6"
      }
    },
    "node_modules/@sveltejs/vite-plugin-svelte/node_modules/magic-string": {
      "version": "0.30.5",
      "dev": true,
      "license": "MIT",
      "dependencies": {
        "@jridgewell/sourcemap-codec": "^1.4.15"
      },
      "engines": {
        "node": ">=12"
      }
    },
    "node_modules/@sveltejs/vite-plugin-svelte/node_modules/magic-string/node_modules/@jridgewell/sourcemap-codec": {
      "version": "1.4.15",
      "dev": true,
      "license": "MIT"
    },
    "node_modules/@sveltejs/vite-plugin-svelte/node_modules/svelte-hmr": {
      "version": "0.15.3",
      "dev": true,
      "license": "ISC",
      "engines": {
        "node": "^12.20 || ^14.13.1 || >= 16"
      },
      "peerDependencies": {
        "svelte": "^3.19.0 || ^4.0.0"
      }
    },
    "node_modules/@sveltejs/vite-plugin-svelte/node_modules/vitefu": {
      "version": "0.2.5",
      "dev": true,
      "license": "MIT",
      "peerDependencies": {
        "vite": "^3.0.0 || ^4.0.0 || ^5.0.0"
      },
      "peerDependenciesMeta": {
        "vite": {
          "optional": true
        }
      }
    },
    "node_modules/commander": {
      "version": "11.1.0",
      "resolved": "https://registry.npmjs.org/commander/-/commander-11.1.0.tgz",
      "integrity": "sha512-yPVavfyCcRhmorC7rWlkHn15b4wDVgVmBA7kV4QVBsF7kv/9TKJAbAXVTxvTnwP8HHKjRCJDClKbciiYS7p0DQ==",
      "dev": true,
      "engines": {
        "node": ">=16"
      }
    },
    "node_modules/consola": {
      "version": "3.2.3",
      "resolved": "https://registry.npmjs.org/consola/-/consola-3.2.3.tgz",
      "integrity": "sha512-I5qxpzLv+sJhTVEoLYNcTW+bThDCPsit0vLNKShZx6rLtpilNpmmeTPaeqJb9ZE9dV3DGaeby6Vuhrw38WjeyQ==",
      "dev": true,
      "engines": {
        "node": "^14.18.0 || >=16.10.0"
      }
    },
    "node_modules/csstype": {
      "version": "3.1.2",
      "resolved": "https://registry.npmjs.org/csstype/-/csstype-3.1.2.tgz",
      "integrity": "sha512-I7K1Uu0MBPzaFKg4nI5Q7Vs2t+3gWWW648spaF+Rg7pI9ds18Ugn+lvg4SHczUdKlHI5LWBXyqfS8+DufyBsgQ==",
      "dev": true
    },
    "node_modules/dedent": {
      "version": "1.5.1",
      "resolved": "https://registry.npmjs.org/dedent/-/dedent-1.5.1.tgz",
      "integrity": "sha512-+LxW+KLWxu3HW3M2w2ympwtqPrqYRzU8fqi6Fhd18fBALe15blJPI/I4+UHveMVG6lJqB4JNd4UG0S5cnVHwIg==",
      "dev": true,
      "peerDependencies": {
        "babel-plugin-macros": "^3.1.0"
      },
      "peerDependenciesMeta": {
        "babel-plugin-macros": {
          "optional": true
        }
      }
    },
    "node_modules/deepmerge-ts": {
      "version": "5.1.0",
      "resolved": "https://registry.npmjs.org/deepmerge-ts/-/deepmerge-ts-5.1.0.tgz",
      "integrity": "sha512-eS8dRJOckyo9maw9Tu5O5RUi/4inFLrnoLkBe3cPfDMx3WZioXtmOew4TXQaxq7Rhl4xjDtR7c6x8nNTxOvbFw==",
      "dev": true,
      "engines": {
        "node": ">=16.0.0"
      }
    },
    "node_modules/guess-json-indent": {
      "version": "2.0.0",
      "resolved": "https://registry.npmjs.org/guess-json-indent/-/guess-json-indent-2.0.0.tgz",
      "integrity": "sha512-3Tm6R43KhtZWEVSHZnFmYMV9+gf3Vu0HXNNYtPVk2s7o8eGwYlJPHrjLtYw/7HBc10YxV+bfzKMuOf24z5qFng==",
      "dev": true,
      "engines": {
        "node": ">=16.17.0"
      }
    },
    "node_modules/js-base64": {
      "version": "3.7.5",
      "resolved": "https://registry.npmjs.org/js-base64/-/js-base64-3.7.5.tgz",
      "integrity": "sha512-3MEt5DTINKqfScXKfJFrRbxkrnk2AxPWGBL/ycjz4dK8iqiSJ06UxD8jh8xuh6p10TX4t2+7FsBYVxxQbMg+qA==",
      "dev": true
    },
    "node_modules/json5": {
      "version": "2.2.3",
      "resolved": "https://registry.npmjs.org/json5/-/json5-2.2.3.tgz",
      "integrity": "sha512-XmOWe7eyHYH14cLdVPoyg+GOH3rYX++KpzrylJwSW98t3Nk+U8XOl8FWKOgwtzdb8lXGf6zYwDUzeHMWfxasyg==",
      "dev": true,
      "bin": {
        "json5": "lib/cli.js"
      },
      "engines": {
        "node": ">=6"
      }
    },
    "node_modules/solid-js": {
      "version": "1.6.12",
      "resolved": "https://registry.npmjs.org/solid-js/-/solid-js-1.6.12.tgz",
      "integrity": "sha512-JFqRobfG3q5r1l4RYVOAukk6+FWtHpXGIjgh/GEsHKweN/kK+iHOtzUALE6+P5t/jIcSNeGiVitX8gmJg+cYvQ==",
      "dev": true,
      "dependencies": {
        "csstype": "^3.1.0"
      }
    },
    "node_modules/svelte": {
      "version": "4.0.5",
      "dev": true,
      "license": "MIT",
      "dependencies": {
        "@ampproject/remapping": "^2.2.1",
        "@jridgewell/sourcemap-codec": "^1.4.15",
        "@jridgewell/trace-mapping": "^0.3.18",
        "acorn": "^8.9.0",
        "aria-query": "^5.3.0",
        "axobject-query": "^3.2.1",
        "code-red": "^1.0.3",
        "css-tree": "^2.3.1",
        "estree-walker": "^3.0.3",
        "is-reference": "^3.0.1",
        "locate-character": "^3.0.0",
        "magic-string": "^0.30.0",
        "periscopic": "^3.1.0"
      },
      "engines": {
        "node": ">=16"
      }
    },
    "node_modules/svelte/node_modules/@ampproject/remapping": {
      "version": "2.2.1",
      "dev": true,
      "license": "Apache-2.0",
      "dependencies": {
        "@jridgewell/gen-mapping": "^0.3.0",
        "@jridgewell/trace-mapping": "^0.3.9"
      },
      "engines": {
        "node": ">=6.0.0"
      }
    },
    "node_modules/svelte/node_modules/@ampproject/remapping/node_modules/@jridgewell/gen-mapping": {
      "version": "0.3.3",
      "dev": true,
      "license": "MIT",
      "dependencies": {
        "@jridgewell/set-array": "^1.0.1",
        "@jridgewell/sourcemap-codec": "^1.4.10",
        "@jridgewell/trace-mapping": "^0.3.9"
      },
      "engines": {
        "node": ">=6.0.0"
      }
    },
    "node_modules/svelte/node_modules/@ampproject/remapping/node_modules/@jridgewell/gen-mapping/node_modules/@jridgewell/set-array": {
      "version": "1.1.2",
      "dev": true,
      "license": "MIT",
      "engines": {
        "node": ">=6.0.0"
      }
    },
    "node_modules/svelte/node_modules/@jridgewell/sourcemap-codec": {
      "version": "1.4.15",
      "dev": true,
      "license": "MIT"
    },
    "node_modules/svelte/node_modules/@jridgewell/trace-mapping": {
      "version": "0.3.19",
      "dev": true,
      "license": "MIT",
      "dependencies": {
        "@jridgewell/resolve-uri": "^3.1.0",
        "@jridgewell/sourcemap-codec": "^1.4.14"
      }
    },
    "node_modules/svelte/node_modules/@jridgewell/trace-mapping/node_modules/@jridgewell/resolve-uri": {
      "version": "3.1.1",
      "dev": true,
      "license": "MIT",
      "engines": {
        "node": ">=6.0.0"
      }
    },
    "node_modules/svelte/node_modules/acorn": {
      "version": "8.10.0",
      "dev": true,
      "license": "MIT",
      "bin": {
        "acorn": "bin/acorn"
      },
      "engines": {
        "node": ">=0.4.0"
      }
    },
    "node_modules/svelte/node_modules/aria-query": {
      "version": "5.3.0",
      "dev": true,
      "license": "Apache-2.0",
      "dependencies": {
        "dequal": "^2.0.3"
      }
    },
    "node_modules/svelte/node_modules/aria-query/node_modules/dequal": {
      "version": "2.0.3",
      "dev": true,
      "license": "MIT",
      "engines": {
        "node": ">=6"
      }
    },
    "node_modules/svelte/node_modules/axobject-query": {
      "version": "3.2.1",
      "dev": true,
      "license": "Apache-2.0",
      "dependencies": {
        "dequal": "^2.0.3"
      }
    },
    "node_modules/svelte/node_modules/axobject-query/node_modules/dequal": {
      "version": "2.0.3",
      "dev": true,
      "license": "MIT",
      "engines": {
        "node": ">=6"
      }
    },
    "node_modules/svelte/node_modules/code-red": {
      "version": "1.0.4",
      "dev": true,
      "license": "MIT",
      "dependencies": {
        "@jridgewell/sourcemap-codec": "^1.4.15",
        "@types/estree": "^1.0.1",
        "acorn": "^8.10.0",
        "estree-walker": "^3.0.3",
        "periscopic": "^3.1.0"
      }
    },
    "node_modules/svelte/node_modules/code-red/node_modules/@types/estree": {
      "version": "1.0.2",
      "dev": true,
      "license": "MIT"
    },
    "node_modules/svelte/node_modules/css-tree": {
      "version": "2.3.1",
      "dev": true,
      "license": "MIT",
      "dependencies": {
        "mdn-data": "2.0.30",
        "source-map-js": "^1.0.1"
      },
      "engines": {
        "node": "^10 || ^12.20.0 || ^14.13.0 || >=15.0.0"
      }
    },
    "node_modules/svelte/node_modules/css-tree/node_modules/mdn-data": {
      "version": "2.0.30",
      "dev": true,
      "license": "CC0-1.0"
    },
    "node_modules/svelte/node_modules/css-tree/node_modules/source-map-js": {
      "version": "1.0.2",
      "dev": true,
      "license": "BSD-3-Clause",
      "engines": {
        "node": ">=0.10.0"
      }
    },
    "node_modules/svelte/node_modules/estree-walker": {
      "version": "3.0.3",
      "dev": true,
      "license": "MIT",
      "dependencies": {
        "@types/estree": "^1.0.0"
      }
    },
    "node_modules/svelte/node_modules/estree-walker/node_modules/@types/estree": {
      "version": "1.0.2",
      "dev": true,
      "license": "MIT"
    },
    "node_modules/svelte/node_modules/is-reference": {
      "version": "3.0.2",
      "dev": true,
      "license": "MIT",
      "dependencies": {
        "@types/estree": "*"
      }
    },
    "node_modules/svelte/node_modules/is-reference/node_modules/@types/estree": {
      "version": "1.0.2",
      "dev": true,
      "license": "MIT"
    },
    "node_modules/svelte/node_modules/locate-character": {
      "version": "3.0.0",
      "dev": true,
      "license": "MIT"
    },
    "node_modules/svelte/node_modules/magic-string": {
      "version": "0.30.5",
      "dev": true,
      "license": "MIT",
      "dependencies": {
        "@jridgewell/sourcemap-codec": "^1.4.15"
      },
      "engines": {
        "node": ">=12"
      }
    },
    "node_modules/svelte/node_modules/periscopic": {
      "version": "3.1.0",
      "dev": true,
      "license": "MIT",
      "dependencies": {
        "@types/estree": "^1.0.0",
        "estree-walker": "^3.0.0",
        "is-reference": "^3.0.0"
      }
    },
    "node_modules/svelte/node_modules/periscopic/node_modules/@types/estree": {
      "version": "1.0.2",
      "dev": true,
      "license": "MIT"
    },
    "node_modules/throttle-debounce": {
      "version": "5.0.0",
      "resolved": "https://registry.npmjs.org/throttle-debounce/-/throttle-debounce-5.0.0.tgz",
      "integrity": "sha512-2iQTSgkkc1Zyk0MeVrt/3BvuOXYPl/R8Z0U2xxo9rjwNciaHDG3R+Lm6dh4EeUci49DanvBnuqI6jshoQQRGEg==",
      "dev": true,
      "engines": {
        "node": ">=12.22"
      }
    },
    "node_modules/vite": {
      "version": "4.4.5",
      "dev": true,
      "license": "MIT",
      "dependencies": {
        "esbuild": "^0.18.10",
        "postcss": "^8.4.26",
        "rollup": "^3.25.2"
      },
      "bin": {
        "vite": "bin/vite.js"
      },
      "engines": {
        "node": "^14.18.0 || >=16.0.0"
      },
      "funding": {
        "url": "https://github.com/vitejs/vite?sponsor=1"
      },
      "optionalDependencies": {
        "fsevents": "~2.3.2"
      },
      "peerDependencies": {
        "@types/node": ">= 14",
        "less": "*",
        "lightningcss": "^1.21.0",
        "sass": "*",
        "stylus": "*",
        "sugarss": "*",
        "terser": "^5.4.0"
      },
      "peerDependenciesMeta": {
        "@types/node": {
          "optional": true
        },
        "less": {
          "optional": true
        },
        "lightningcss": {
          "optional": true
        },
        "sass": {
          "optional": true
        },
        "stylus": {
          "optional": true
        },
        "sugarss": {
          "optional": true
        },
        "terser": {
          "optional": true
        }
      }
    },
    "node_modules/vite/node_modules/esbuild": {
      "version": "0.18.20",
      "dev": true,
      "hasInstallScript": true,
      "license": "MIT",
      "bin": {
        "esbuild": "bin/esbuild"
      },
      "engines": {
        "node": ">=12"
      },
      "optionalDependencies": {
        "@esbuild/android-arm": "0.18.20",
        "@esbuild/android-arm64": "0.18.20",
        "@esbuild/android-x64": "0.18.20",
        "@esbuild/darwin-arm64": "0.18.20",
        "@esbuild/darwin-x64": "0.18.20",
        "@esbuild/freebsd-arm64": "0.18.20",
        "@esbuild/freebsd-x64": "0.18.20",
        "@esbuild/linux-arm": "0.18.20",
        "@esbuild/linux-arm64": "0.18.20",
        "@esbuild/linux-ia32": "0.18.20",
        "@esbuild/linux-loong64": "0.18.20",
        "@esbuild/linux-mips64el": "0.18.20",
        "@esbuild/linux-ppc64": "0.18.20",
        "@esbuild/linux-riscv64": "0.18.20",
        "@esbuild/linux-s390x": "0.18.20",
        "@esbuild/linux-x64": "0.18.20",
        "@esbuild/netbsd-x64": "0.18.20",
        "@esbuild/openbsd-x64": "0.18.20",
        "@esbuild/sunos-x64": "0.18.20",
        "@esbuild/win32-arm64": "0.18.20",
        "@esbuild/win32-ia32": "0.18.20",
        "@esbuild/win32-x64": "0.18.20"
      }
    },
    "node_modules/vite/node_modules/esbuild/node_modules/@esbuild/darwin-arm64": {
      "version": "0.18.20",
      "cpu": [
        "arm64"
      ],
      "dev": true,
      "license": "MIT",
      "optional": true,
      "os": [
        "darwin"
      ],
      "engines": {
        "node": ">=12"
      }
    },
    "node_modules/vite/node_modules/fsevents": {
      "version": "2.3.3",
      "dev": true,
      "license": "MIT",
      "optional": true,
      "os": [
        "darwin"
      ],
      "engines": {
        "node": "^8.16.0 || ^10.6.0 || >=11.0.0"
      }
    },
    "node_modules/vite/node_modules/postcss": {
      "version": "8.4.31",
      "dev": true,
      "funding": [
        {
          "type": "opencollective",
          "url": "https://opencollective.com/postcss/"
        },
        {
          "type": "tidelift",
          "url": "https://tidelift.com/funding/github/npm/postcss"
        },
        {
          "type": "github",
          "url": "https://github.com/sponsors/ai"
        }
      ],
      "license": "MIT",
      "dependencies": {
        "nanoid": "^3.3.6",
        "picocolors": "^1.0.0",
        "source-map-js": "^1.0.2"
      },
      "engines": {
        "node": "^10 || ^12 || >=14"
      }
    },
    "node_modules/vite/node_modules/postcss/node_modules/nanoid": {
      "version": "3.3.6",
      "dev": true,
      "funding": [
        {
          "type": "github",
          "url": "https://github.com/sponsors/ai"
        }
      ],
      "license": "MIT",
      "bin": {
        "nanoid": "bin/nanoid.cjs"
      },
      "engines": {
        "node": "^10 || ^12 || ^13.7 || ^14 || >=15.0.1"
      }
    },
    "node_modules/vite/node_modules/postcss/node_modules/picocolors": {
      "version": "1.0.0",
      "dev": true,
      "license": "ISC"
    },
    "node_modules/vite/node_modules/postcss/node_modules/source-map-js": {
      "version": "1.0.2",
      "dev": true,
      "license": "BSD-3-Clause",
      "engines": {
        "node": ">=0.10.0"
      }
    },
    "node_modules/vite/node_modules/rollup": {
      "version": "3.29.4",
      "dev": true,
      "license": "MIT",
      "bin": {
        "rollup": "dist/bin/rollup"
      },
      "engines": {
        "node": ">=14.18.0",
        "npm": ">=8.0.0"
      },
      "optionalDependencies": {
        "fsevents": "~2.3.2"
      }
    }
  }
}
